{
  "name": "frontend-customer",
  "version": "0.0.0",
  "lockfileVersion": 1,
  "requires": true,
  "dependencies": {
    "@angular/common": {
      "version": "9.1.0",
      "resolved": "https://registry.npmjs.org/@angular/common/-/common-9.1.0.tgz",
      "integrity": "sha512-6JPLNtMhI03bGTVQJeSwc+dTjV6DtP7M/BAyzIV0InZP1D6XsOh2QahLFIaaN2sSxYA2ClKuwfX1v+rx9AbXQA=="
    },
    "@angular/compiler": {
      "version": "9.1.0",
      "resolved": "https://registry.npmjs.org/@angular/compiler/-/compiler-9.1.0.tgz",
      "integrity": "sha512-QHw/JSeTXHiJQ2Ih0EtU7FGsYcOr+0hwZhqwSW3EEn8TtUgA3DS5lXeiDV66f+3DdvNZFPmgiZIvun3ypxn1HA=="
    },
    "@angular/core": {
      "version": "9.1.0",
      "resolved": "https://registry.npmjs.org/@angular/core/-/core-9.1.0.tgz",
      "integrity": "sha512-RVlyegdIAij0P1wLY5ObIdsBAzvmHkHfElnmfiNKhaDftP6U/3zRtaKDu0bq0jvn1WCQ8zXxFQ8AWyKZwyFS+w=="
    },
    "@angular/forms": {
      "version": "9.1.0",
      "resolved": "https://registry.npmjs.org/@angular/forms/-/forms-9.1.0.tgz",
      "integrity": "sha512-5GC8HQlPChPV+168zLlm4yj4syA6N9ChSKV0tmzj1zIfMcub1UAOaB9IYaXRHQsjPFh9OuQXwmkzScyAfhEVjA=="
    },
    "@angular/http": {
      "version": "7.2.16",
      "resolved": "https://registry.npmjs.org/@angular/http/-/http-7.2.16.tgz",
      "integrity": "sha512-yvjbNyzFSmmz4UTjCdy5M8mk0cZqf9TvSf8yN5UVIwtw4joyuUdlgJCuin0qSbQOKIf/JjHoofpO2JkPCGSNww==",
      "requires": {
        "tslib": "^1.9.0"
      }
    },
    "@angular/platform-browser": {
      "version": "9.1.0",
      "resolved": "https://registry.npmjs.org/@angular/platform-browser/-/platform-browser-9.1.0.tgz",
      "integrity": "sha512-OsS/blUjl8ranmDaRADjFAmvnlmwbT6WNU7dVov7FhV0rqesbwaOJ5bR0LSYHYpej7Jaa6oYk0v0XWkaH9LTFg=="
    },
    "@angular/platform-browser-dynamic": {
      "version": "9.1.0",
      "resolved": "https://registry.npmjs.org/@angular/platform-browser-dynamic/-/platform-browser-dynamic-9.1.0.tgz",
      "integrity": "sha512-sMtz/poQ3TYaWZzWjrn9apKUZ/WKql2MYCWbpax7pql3GgC9OoTslc7ZEe7/d3ynfFE/CQqWBBOuWGD71Z0LMQ=="
    },
    "@angular/router": {
      "version": "9.1.0",
      "resolved": "https://registry.npmjs.org/@angular/router/-/router-9.1.0.tgz",
      "integrity": "sha512-cExO1nPnoPFiUJWZ28hTHozPLFoCmqr3xqcM57We0hhKE0esdrO+gRWKRH0EJERukLbU8coPKVhA8daGUpASiQ=="
    },
    "@fortawesome/fontawesome-free": {
      "version": "5.13.0",
      "resolved": "https://registry.npmjs.org/@fortawesome/fontawesome-free/-/fontawesome-free-5.13.0.tgz",
      "integrity": "sha512-xKOeQEl5O47GPZYIMToj6uuA2syyFlq9EMSl2ui0uytjY9xbe8XS0pexNWmxrdcCyNGyDmLyYw5FtKsalBUeOg=="
    },
    "@types/jasmine": {
      "version": "2.8.16",
      "resolved": "https://registry.npmjs.org/@types/jasmine/-/jasmine-2.8.16.tgz",
      "integrity": "sha512-056oRlBBp7MDzr+HoU5su099s/s7wjZ3KcHxLfv+Byqb9MwdLUvsfLgw1VS97hsh3ddxSPyQu+olHMnoVTUY6g==",
      "dev": true
    },
    "@types/jasminewd2": {
      "version": "2.0.8",
      "resolved": "https://registry.npmjs.org/@types/jasminewd2/-/jasminewd2-2.0.8.tgz",
      "integrity": "sha512-d9p31r7Nxk0ZH0U39PTH0hiDlJ+qNVGjlt1ucOoTUptxb2v+Y5VMnsxfwN+i3hK4yQnqBi3FMmoMFcd1JHDxdg==",
      "dev": true,
      "requires": {
        "@types/jasmine": "*"
      }
    },
    "bootstrap": {
      "version": "4.4.1",
      "resolved": "https://registry.npmjs.org/bootstrap/-/bootstrap-4.4.1.tgz",
      "integrity": "sha512-tbx5cHubwE6e2ZG7nqM3g/FZ5PQEDMWmMGNrCUBVRPHXTJaH7CBDdsLeu3eCh3B1tzAxTnAbtmrzvWEvT2NNEA=="
    },
    "core-js": {
      "version": "3.6.4",
      "resolved": "https://registry.npmjs.org/core-js/-/core-js-3.6.4.tgz",
      "integrity": "sha512-4paDGScNgZP2IXXilaffL9X7968RuvwlkK3xWtZRVqgd8SYNiVKRJvkFd1aqqEuPfN7E68ZHEp9hDj6lHj4Hyw=="
    },
    "jquery": {
      "version": "3.4.1",
      "resolved": "https://registry.npmjs.org/jquery/-/jquery-3.4.1.tgz",
      "integrity": "sha512-36+AdBzCL+y6qjw5Tx7HgzeGCzC81MDDgaUP8ld2zhx58HdqXGoBd+tHdrBMiyjGQs0Hxs/MLZTu/eHNJJuWPw=="
    },
    "lodash": {
      "version": "4.17.15",
      "resolved": "https://registry.npmjs.org/lodash/-/lodash-4.17.15.tgz",
      "integrity": "sha512-8xOcRHvCjnocdS5cpwXQXVzmmh5e5+saE2QGoeQmbKmRS6J3VQppPOIt0MnmE+4xlZoumy0GPG0D0MVIQbNA1A=="
    },
    "ngx-bootstrap": {
      "version": "5.5.0",
      "resolved": "https://registry.npmjs.org/ngx-bootstrap/-/ngx-bootstrap-5.5.0.tgz",
      "integrity": "sha512-BJeghbkKFQl49sg3GIYQyjvwaHn64xFOsinBVD8HWKOVpRJSnuafrjXByGDtfq35jGY4R+7iBLksM1IYLUPshg=="
    },
    "popper.js": {
      "version": "1.16.1",
      "resolved": "https://registry.npmjs.org/popper.js/-/popper.js-1.16.1.tgz",
      "integrity": "sha512-Wb4p1J4zyFTbM+u6WuO4XstYx4Ky9Cewe4DWrel7B0w6VVICvPwdOpotjzcf6eD8TsckVnIMNONQyPIUFOUbCQ=="
    },
    "rxjs": {
      "version": "6.5.4",
      "resolved": "https://registry.npmjs.org/rxjs/-/rxjs-6.5.4.tgz",
      "integrity": "sha512-naMQXcgEo3csAEGvw/NydRA0fuS2nDZJiw1YUWFKU7aPPAPGZEsD4Iimit96qwCieH6y614MCLYwdkrWx7z/7Q==",
      "requires": {
        "tslib": "^1.9.0"
      }
    },
    "tslib": {
      "version": "1.11.1",
      "resolved": "https://registry.npmjs.org/tslib/-/tslib-1.11.1.tgz",
      "integrity": "sha512-aZW88SY8kQbU7gpV19lN24LtXh/yD4ZZg6qieAJDDg+YBsJcSmLGK9QpnUjAKVG/xefmvJGd1WUmfpT/g6AJGA=="
    },
    "zone.js": {
      "version": "0.10.3",
      "resolved": "https://registry.npmjs.org/zone.js/-/zone.js-0.10.3.tgz",
      "integrity": "sha512-LXVLVEq0NNOqK/fLJo3d0kfzd4sxwn2/h67/02pjCjfKDxgx1i9QqpvtHD8CrBnSSwMw5+dy11O7FRX5mkO7Cg=="
    }
  }
}
